
Microsoft Visual Studio Solution File, Format Version 12.00
# Visual Studio 15
VisualStudioVersion = 15.0.27703.2000
MinimumVisualStudioVersion = 10.0.40219.1
Project("{FAE04EC0-301F-11D3-BF4B-00C04F79EFBC}") = "MicroNet", "MicroNet.csproj", "{19672F55-2F4D-4459-9A26-C8B26336C2EE}"
EndProject
Project("{8BC9CEB8-8B4A-11D0-8D11-00A0C91BC942}") = "enet", "..\enet\enet.vcxproj", "{CE42445F-216D-418A-B2E2-EA0EC4BE22F0}"
EndProject
Global
	GlobalSection(SolutionConfigurationPlatforms) = preSolution
		Debug|Any CPU = Debug|Any CPU
		Debug|x64 = Debug|x64
		Debug|x86 = Debug|x86
		GODOT|Any CPU = GODOT|Any CPU
		GODOT|x64 = GODOT|x64
		GODOT|x86 = GODOT|x86
		Release|Any CPU = Release|Any CPU
		Release|x64 = Release|x64
		Release|x86 = Release|x86
		UNITY|Any CPU = UNITY|Any CPU
		UNITY|x64 = UNITY|x64
		UNITY|x86 = UNITY|x86
	EndGlobalSection
	GlobalSection(ProjectConfigurationPlatforms) = postSolution
		{19672F55-2F4D-4459-9A26-C8B26336C2EE}.Debug|Any CPU.ActiveCfg = Debug|Any CPU
		{19672F55-2F4D-4459-9A26-C8B26336C2EE}.Debug|Any CPU.Build.0 = Debug|Any CPU
		{19672F55-2F4D-4459-9A26-C8B26336C2EE}.Debug|x64.ActiveCfg = Debug|Any CPU
		{19672F55-2F4D-4459-9A26-C8B26336C2EE}.Debug|x64.Build.0 = Debug|Any CPU
		{19672F55-2F4D-4459-9A26-C8B26336C2EE}.Debug|x86.ActiveCfg = Debug|Any CPU
		{19672F55-2F4D-4459-9A26-C8B26336C2EE}.Debug|x86.Build.0 = Debug|Any CPU
		{19672F55-2F4D-4459-9A26-C8B26336C2EE}.GODOT|Any CPU.ActiveCfg = Debug|Any CPU
		{19672F55-2F4D-4459-9A26-C8B26336C2EE}.GODOT|Any CPU.Build.0 = Debug|Any CPU
		{19672F55-2F4D-4459-9A26-C8B26336C2EE}.GODOT|x64.ActiveCfg = GODOT|x64
		{19672F55-2F4D-4459-9A26-C8B26336C2EE}.GODOT|x64.Build.0 = GODOT|x64
		{19672F55-2F4D-4459-9A26-C8B26336C2EE}.GODOT|x86.ActiveCfg = GODOT|Any CPU
		{19672F55-2F4D-4459-9A26-C8B26336C2EE}.GODOT|x86.Build.0 = GODOT|Any CPU
		{19672F55-2F4D-4459-9A26-C8B26336C2EE}.Release|Any CPU.ActiveCfg = Debug|Any CPU
		{19672F55-2F4D-4459-9A26-C8B26336C2EE}.Release|Any CPU.Build.0 = Debug|Any CPU
		{19672F55-2F4D-4459-9A26-C8B26336C2EE}.Release|x64.ActiveCfg = Release|Any CPU
		{19672F55-2F4D-4459-9A26-C8B26336C2EE}.Release|x64.Build.0 = Release|Any CPU
		{19672F55-2F4D-4459-9A26-C8B26336C2EE}.Release|x86.ActiveCfg = Release|Any CPU
		{19672F55-2F4D-4459-9A26-C8B26336C2EE}.Release|x86.Build.0 = Release|Any CPU
		{19672F55-2F4D-4459-9A26-C8B26336C2EE}.UNITY|Any CPU.ActiveCfg = UNITY|Any CPU
		{19672F55-2F4D-4459-9A26-C8B26336C2EE}.UNITY|Any CPU.Build.0 = UNITY|Any CPU
		{19672F55-2F4D-4459-9A26-C8B26336C2EE}.UNITY|x64.ActiveCfg = UNITY|Any CPU
		{19672F55-2F4D-4459-9A26-C8B26336C2EE}.UNITY|x64.Build.0 = UNITY|Any CPU
		{19672F55-2F4D-4459-9A26-C8B26336C2EE}.UNITY|x86.ActiveCfg = UNITY|Any CPU
		{19672F55-2F4D-4459-9A26-C8B26336C2EE}.UNITY|x86.Build.0 = UNITY|Any CPU
		{CE42445F-216D-418A-B2E2-EA0EC4BE22F0}.Debug|Any CPU.ActiveCfg = Debug|Win32
		{CE42445F-216D-418A-B2E2-EA0EC4BE22F0}.Debug|x64.ActiveCfg = Debug|x64
		{CE42445F-216D-418A-B2E2-EA0EC4BE22F0}.Debug|x64.Build.0 = Debug|x64
		{CE42445F-216D-418A-B2E2-EA0EC4BE22F0}.Debug|x86.ActiveCfg = Debug|Win32
		{CE42445F-216D-418A-B2E2-EA0EC4BE22F0}.Debug|x86.Build.0 = Debug|Win32
		{CE42445F-216D-418A-B2E2-EA0EC4BE22F0}.GODOT|Any CPU.ActiveCfg = Debug|Win32
		{CE42445F-216D-418A-B2E2-EA0EC4BE22F0}.GODOT|x64.ActiveCfg = GODOT|Win32
		{CE42445F-216D-418A-B2E2-EA0EC4BE22F0}.GODOT|x86.ActiveCfg = GODOT|Win32
		{CE42445F-216D-418A-B2E2-EA0EC4BE22F0}.Release|Any CPU.ActiveCfg = Debug|Win32
		{CE42445F-216D-418A-B2E2-EA0EC4BE22F0}.Release|x64.ActiveCfg = Release|Win32
		{CE42445F-216D-418A-B2E2-EA0EC4BE22F0}.Release|x86.ActiveCfg = Release|Win32
		{CE42445F-216D-418A-B2E2-EA0EC4BE22F0}.Release|x86.Build.0 = Release|Win32
		{CE42445F-216D-418A-B2E2-EA0EC4BE22F0}.UNITY|Any CPU.ActiveCfg = UNITY|Win32
		{CE42445F-216D-418A-B2E2-EA0EC4BE22F0}.UNITY|x64.ActiveCfg = UNITY|Win32
		{CE42445F-216D-418A-B2E2-EA0EC4BE22F0}.UNITY|x86.ActiveCfg = UNITY|Win32
	EndGlobalSection
	GlobalSection(SolutionProperties) = preSolution
		HideSolutionNode = FALSE
	EndGlobalSection
	GlobalSection(ExtensibilityGlobals) = postSolution
		SolutionGuid = {9A79A3B7-9740-4D12-AC39-24EDE099B67A}
	EndGlobalSection
	GlobalSection(Performance) = preSolution
		HasPerformanceSessions = true
	EndGlobalSection
EndGlobal
